
Microsoft Visual Studio Solution File, Format Version 12.00
# Visual Studio Version 17
VisualStudioVersion = 17.8.34316.72
MinimumVisualStudioVersion = 10.0.40219.1
Project("{FAE04EC0-301F-11D3-BF4B-00C04F79EFBC}") = "Kafein.ECommerce.API", "Kafein.ECommerce.API\Kafein.ECommerce.API.csproj", "{F84B1F58-7AD4-4BC4-8DA9-A633624FF141}"
EndProject
Project("{FAE04EC0-301F-11D3-BF4B-00C04F79EFBC}") = "Kafein.ECommerce.Application", "Kafein.ECommerce.Application\Kafein.ECommerce.Application.csproj", "{66C2680D-BD7E-4974-BE25-45F6E0C6354F}"
EndProject
Project("{FAE04EC0-301F-11D3-BF4B-00C04F79EFBC}") = "Kafein.ECommerce.Domain", "Kafein.ECommerce.Domain\Kafein.ECommerce.Domain.csproj", "{4191816C-2E11-45EE-ADEA-5EA20D06D995}"
EndProject
Project("{FAE04EC0-301F-11D3-BF4B-00C04F79EFBC}") = "Kafein.ECommerce.Infrastructure", "Kafein.ECommerce.Infrastructure\Kafein.ECommerce.Infrastructure.csproj", "{297D5F51-BBB8-4D29-8DBC-F9A3620AAC4B}"
EndProject
Project("{FAE04EC0-301F-11D3-BF4B-00C04F79EFBC}") = "Kafein.ECommerce.Persistence", "Kafein.ECommerce.Persistence\Kafein.ECommerce.Persistence.csproj", "{64A2EC7F-35B8-4A13-96A1-130F38DFA564}"
EndProject
Global
	GlobalSection(SolutionConfigurationPlatforms) = preSolution
		Debug|Any CPU = Debug|Any CPU
		Release|Any CPU = Release|Any CPU
	EndGlobalSection
	GlobalSection(ProjectConfigurationPlatforms) = postSolution
		{F84B1F58-7AD4-4BC4-8DA9-A633624FF141}.Debug|Any CPU.ActiveCfg = Debug|Any CPU
		{F84B1F58-7AD4-4BC4-8DA9-A633624FF141}.Debug|Any CPU.Build.0 = Debug|Any CPU
		{F84B1F58-7AD4-4BC4-8DA9-A633624FF141}.Release|Any CPU.ActiveCfg = Release|Any CPU
		{F84B1F58-7AD4-4BC4-8DA9-A633624FF141}.Release|Any CPU.Build.0 = Release|Any CPU
		{66C2680D-BD7E-4974-BE25-45F6E0C6354F}.Debug|Any CPU.ActiveCfg = Debug|Any CPU
		{66C2680D-BD7E-4974-BE25-45F6E0C6354F}.Debug|Any CPU.Build.0 = Debug|Any CPU
		{66C2680D-BD7E-4974-BE25-45F6E0C6354F}.Release|Any CPU.ActiveCfg = Release|Any CPU
		{66C2680D-BD7E-4974-BE25-45F6E0C6354F}.Release|Any CPU.Build.0 = Release|Any CPU
		{4191816C-2E11-45EE-ADEA-5EA20D06D995}.Debug|Any CPU.ActiveCfg = Debug|Any CPU
		{4191816C-2E11-45EE-ADEA-5EA20D06D995}.Debug|Any CPU.Build.0 = Debug|Any CPU
		{4191816C-2E11-45EE-ADEA-5EA20D06D995}.Release|Any CPU.ActiveCfg = Release|Any CPU
		{4191816C-2E11-45EE-ADEA-5EA20D06D995}.Release|Any CPU.Build.0 = Release|Any CPU
		{297D5F51-BBB8-4D29-8DBC-F9A3620AAC4B}.Debug|Any CPU.ActiveCfg = Debug|Any CPU
		{297D5F51-BBB8-4D29-8DBC-F9A3620AAC4B}.Debug|Any CPU.Build.0 = Debug|Any CPU
		{297D5F51-BBB8-4D29-8DBC-F9A3620AAC4B}.Release|Any CPU.ActiveCfg = Release|Any CPU
		{297D5F51-BBB8-4D29-8DBC-F9A3620AAC4B}.Release|Any CPU.Build.0 = Release|Any CPU
		{64A2EC7F-35B8-4A13-96A1-130F38DFA564}.Debug|Any CPU.ActiveCfg = Debug|Any CPU
		{64A2EC7F-35B8-4A13-96A1-130F38DFA564}.Debug|Any CPU.Build.0 = Debug|Any CPU
		{64A2EC7F-35B8-4A13-96A1-130F38DFA564}.Release|Any CPU.ActiveCfg = Release|Any CPU
		{64A2EC7F-35B8-4A13-96A1-130F38DFA564}.Release|Any CPU.Build.0 = Release|Any CPU
	EndGlobalSection
	GlobalSection(SolutionProperties) = preSolution
		HideSolutionNode = FALSE
	EndGlobalSection
	GlobalSection(ExtensibilityGlobals) = postSolution
		SolutionGuid = {2B7CA25B-DC87-4A02-B64C-8CD8D1D127E5}
	EndGlobalSection
EndGlobal
